{
  "name": "react",
  "version": "0.0.0",
  "lockfileVersion": 2,
  "requires": true,
  "packages": {
    "": {
      "name": "react",
      "version": "0.0.0",
      "dependencies": {
        "localforage": "^1.10.0",
        "match-sorter": "^6.3.1",
        "react": "^18.2.0",
        "react-dom": "^18.2.0",
        "react-router-dom": "^6.6.2",
        "sort-by": "^1.2.0"
      },
      "devDependencies": {
        "@types/react": "^18.0.26",
        "@types/react-dom": "^18.0.9",
        "@vitejs/plugin-react": "^3.0.0",
        "typescript": "^4.9.3",
        "vite": "^4.0.0"
      }
    },
    "../../node_modules/.pnpm/@types+react-dom@18.0.10/node_modules/@types/react-dom": {
      "version": "18.0.10",
      "dev": true,
      "license": "MIT",
      "dependencies": {
        "@types/react": "*"
      }
    },
    "../../node_modules/.pnpm/@types+react@18.0.26/node_modules/@types/react": {
      "version": "18.0.26",
      "dev": true,
      "license": "MIT",
      "dependencies": {
        "@types/prop-types": "*",
        "@types/scheduler": "*",
        "csstype": "^3.0.2"
      }
    },
    "../../node_modules/.pnpm/@vitejs+plugin-react@3.0.1_vite@4.0.4/node_modules/@vitejs/plugin-react": {
      "version": "3.0.1",
      "dev": true,
      "license": "MIT",
      "dependencies": {
        "@babel/core": "^7.20.7",
        "@babel/plugin-transform-react-jsx-self": "^7.18.6",
        "@babel/plugin-transform-react-jsx-source": "^7.19.6",
        "magic-string": "^0.27.0",
        "react-refresh": "^0.14.0"
      },
      "engines": {
        "node": "^14.18.0 || >=16.0.0"
      },
      "peerDependencies": {
        "vite": "^4.0.0"
      }
    },
    "../../node_modules/.pnpm/react-dom@18.2.0_react@18.2.0/node_modules/react-dom": {
      "version": "18.2.0",
      "license": "MIT",
      "dependencies": {
        "loose-envify": "^1.1.0",
        "scheduler": "^0.23.0"
      },
      "peerDependencies": {
        "react": "^18.2.0"
      }
    },
    "../../node_modules/.pnpm/react@18.2.0/node_modules/react": {
      "version": "18.2.0",
      "license": "MIT",
      "dependencies": {
        "loose-envify": "^1.1.0"
      },
      "engines": {
        "node": ">=0.10.0"
      }
    },
    "../../node_modules/.pnpm/typescript@4.9.4/node_modules/typescript": {
      "version": "4.9.4",
      "dev": true,
      "license": "Apache-2.0",
      "bin": {
        "tsc": "bin/tsc",
        "tsserver": "bin/tsserver"
      },
      "devDependencies": {
        "@octokit/rest": "latest",
        "@types/chai": "latest",
        "@types/fancy-log": "^2.0.0",
        "@types/fs-extra": "^9.0.13",
        "@types/glob": "latest",
        "@types/gulp": "^4.0.9",
        "@types/gulp-concat": "latest",
        "@types/gulp-newer": "latest",
        "@types/gulp-rename": "latest",
        "@types/gulp-sourcemaps": "latest",
        "@types/merge2": "latest",
        "@types/microsoft__typescript-etw": "latest",
        "@types/minimist": "latest",
        "@types/mkdirp": "latest",
        "@types/mocha": "latest",
        "@types/ms": "latest",
        "@types/node": "latest",
        "@types/source-map-support": "latest",
        "@types/which": "^2.0.1",
        "@types/xml2js": "^0.4.11",
        "@typescript-eslint/eslint-plugin": "^5.33.1",
        "@typescript-eslint/parser": "^5.33.1",
        "@typescript-eslint/utils": "^5.33.1",
        "azure-devops-node-api": "^11.2.0",
        "chai": "latest",
        "chalk": "^4.1.2",
        "del": "^6.1.1",
        "diff": "^5.1.0",
        "eslint": "^8.22.0",
        "eslint-formatter-autolinkable-stylish": "^1.2.0",
        "eslint-plugin-import": "^2.26.0",
        "eslint-plugin-jsdoc": "^39.3.6",
        "eslint-plugin-local": "^1.0.0",
        "eslint-plugin-no-null": "^1.0.2",
        "fancy-log": "latest",
        "fs-extra": "^9.1.0",
        "glob": "latest",
        "gulp": "^4.0.2",
        "gulp-concat": "latest",
        "gulp-insert": "latest",
        "gulp-newer": "latest",
        "gulp-rename": "latest",
        "gulp-sourcemaps": "latest",
        "merge2": "latest",
        "minimist": "latest",
        "mkdirp": "latest",
        "mocha": "latest",
        "mocha-fivemat-progress-reporter": "latest",
        "ms": "^2.1.3",
        "node-fetch": "^3.2.10",
        "source-map-support": "latest",
        "typescript": "^4.8.4",
        "vinyl": "latest",
        "which": "^2.0.2",
        "xml2js": "^0.4.23"
      },
      "engines": {
        "node": ">=4.2.0"
      }
    },
    "../../node_modules/.pnpm/vite@4.0.4_@types+node@18.11.18/node_modules/vite": {
      "version": "4.0.4",
      "dev": true,
      "license": "MIT",
      "dependencies": {
        "esbuild": "^0.16.3",
        "postcss": "^8.4.20",
        "resolve": "^1.22.1",
        "rollup": "^3.7.0"
      },
      "bin": {
        "vite": "bin/vite.js"
      },
      "devDependencies": {
        "@ampproject/remapping": "^2.2.0",
        "@babel/parser": "^7.20.5",
        "@babel/types": "^7.20.5",
        "@jridgewell/trace-mapping": "^0.3.17",
        "@rollup/plugin-alias": "^4.0.2",
        "@rollup/plugin-commonjs": "^24.0.0",
        "@rollup/plugin-dynamic-import-vars": "^2.0.1",
        "@rollup/plugin-json": "^6.0.0",
        "@rollup/plugin-node-resolve": "15.0.1",
        "@rollup/plugin-typescript": "^10.0.1",
        "@rollup/pluginutils": "^5.0.2",
        "acorn": "^8.8.1",
        "acorn-walk": "^8.2.0",
        "cac": "^6.7.14",
        "chokidar": "^3.5.3",
        "connect": "^3.7.0",
        "connect-history-api-fallback": "^2.0.0",
        "convert-source-map": "^2.0.0",
        "cors": "^2.8.5",
        "cross-spawn": "^7.0.3",
        "debug": "^4.3.4",
        "dep-types": "link:./src/types",
        "dotenv": "^16.0.3",
        "dotenv-expand": "^9.0.0",
        "es-module-lexer": "^1.1.0",
        "estree-walker": "^3.0.1",
        "etag": "^1.8.1",
        "fast-glob": "^3.2.12",
        "http-proxy": "^1.18.1",
        "launch-editor-middleware": "^2.6.0",
        "magic-string": "^0.27.0",
        "micromatch": "^4.0.5",
        "mlly": "^1.0.0",
        "mrmime": "^1.0.1",
        "okie": "^1.0.1",
        "open": "^8.4.0",
        "parse5": "^7.1.2",
        "periscopic": "^3.0.4",
        "picocolors": "^1.0.0",
        "picomatch": "^2.3.1",
        "postcss-import": "^15.1.0",
        "postcss-load-config": "^4.0.1",
        "postcss-modules": "^6.0.0",
        "resolve.exports": "^1.1.0",
        "rollup-plugin-license": "^3.0.1",
        "sirv": "^2.0.2",
        "source-map-js": "^1.0.2",
        "source-map-support": "^0.5.21",
        "strip-ansi": "^7.0.1",
        "strip-literal": "^0.4.2",
        "tsconfck": "^2.0.1",
        "tslib": "^2.4.1",
        "types": "link:./types",
        "ufo": "^1.0.1",
        "ws": "^8.11.0"
      },
      "engines": {
        "node": "^14.18.0 || >=16.0.0"
      },
      "optionalDependencies": {
        "fsevents": "~2.3.2"
      },
      "peerDependencies": {
        "@types/node": ">= 14",
        "less": "*",
        "sass": "*",
        "stylus": "*",
        "sugarss": "*",
        "terser": "^5.4.0"
      },
      "peerDependenciesMeta": {
        "@types/node": {
          "optional": true
        },
        "less": {
          "optional": true
        },
        "sass": {
          "optional": true
        },
        "stylus": {
          "optional": true
        },
        "sugarss": {
          "optional": true
        },
        "terser": {
          "optional": true
        }
      }
    },
    "node_modules/@babel/runtime": {
      "version": "7.20.7",
      "resolved": "https://registry.npmjs.org/@babel/runtime/-/runtime-7.20.7.tgz",
      "integrity": "sha512-UF0tvkUtxwAgZ5W/KrkHf0Rn0fdnLDU9ScxBrEVNUprE/MzirjK4MJUX1/BVDv00Sv8cljtukVK1aky++X1SjQ==",
      "dependencies": {
        "regenerator-runtime": "^0.13.11"
      },
      "engines": {
        "node": ">=6.9.0"
      }
    },
    "node_modules/@remix-run/router": {
      "version": "1.2.1",
      "resolved": "https://registry.npmjs.org/@remix-run/router/-/router-1.2.1.tgz",
      "integrity": "sha512-XiY0IsyHR+DXYS5vBxpoBe/8veTeoRpMHP+vDosLZxL5bnpetzI0igkxkLZS235ldLzyfkxF+2divEwWHP3vMQ==",
      "engines": {
        "node": ">=14"
      }
    },
    "node_modules/@types/react": {
      "resolved": "../../node_modules/.pnpm/@types+react@18.0.26/node_modules/@types/react",
      "link": true
    },
    "node_modules/@types/react-dom": {
      "resolved": "../../node_modules/.pnpm/@types+react-dom@18.0.10/node_modules/@types/react-dom",
      "link": true
    },
    "node_modules/@vitejs/plugin-react": {
      "resolved": "../../node_modules/.pnpm/@vitejs+plugin-react@3.0.1_vite@4.0.4/node_modules/@vitejs/plugin-react",
      "link": true
    },
    "node_modules/immediate": {
      "version": "3.0.6",
      "resolved": "https://registry.npmjs.org/immediate/-/immediate-3.0.6.tgz",
      "integrity": "sha512-XXOFtyqDjNDAQxVfYxuF7g9Il/IbWmmlQg2MYKOH8ExIT1qg6xc4zyS3HaEEATgs1btfzxq15ciUiY7gjSXRGQ=="
    },
    "node_modules/lie": {
      "version": "3.1.1",
      "resolved": "https://registry.npmjs.org/lie/-/lie-3.1.1.tgz",
      "integrity": "sha512-RiNhHysUjhrDQntfYSfY4MU24coXXdEOgw9WGcKHNeEwffDYbF//u87M1EWaMGzuFoSbqW0C9C6lEEhDOAswfw==",
      "dependencies": {
        "immediate": "~3.0.5"
      }
    },
    "node_modules/localforage": {
      "version": "1.10.0",
      "resolved": "https://registry.npmjs.org/localforage/-/localforage-1.10.0.tgz",
      "integrity": "sha512-14/H1aX7hzBBmmh7sGPd+AOMkkIrHM3Z1PAyGgZigA1H1p5O5ANnMyWzvpAETtG68/dC4pC0ncy3+PPGzXZHPg==",
      "dependencies": {
        "lie": "3.1.1"
      }
    },
    "node_modules/match-sorter": {
      "version": "6.3.1",
      "resolved": "https://registry.npmjs.org/match-sorter/-/match-sorter-6.3.1.tgz",
      "integrity": "sha512-mxybbo3pPNuA+ZuCUhm5bwNkXrJTbsk5VWbR5wiwz/GC6LIiegBGn2w3O08UG/jdbYLinw51fSQ5xNU1U3MgBw==",
      "dependencies": {
        "@babel/runtime": "^7.12.5",
        "remove-accents": "0.4.2"
      }
    },
    "node_modules/object-path": {
      "version": "0.6.0",
      "resolved": "https://registry.npmjs.org/object-path/-/object-path-0.6.0.tgz",
      "integrity": "sha512-fxrwsCFi3/p+LeLOAwo/wyRMODZxdGBtUlWRzsEpsUVrisZbEfZ21arxLGfaWfcnqb8oHPNihIb4XPE8CQPN5A==",
      "engines": {
        "node": ">=0.8.0"
      }
    },
    "node_modules/react": {
      "resolved": "../../node_modules/.pnpm/react@18.2.0/node_modules/react",
      "link": true
    },
    "node_modules/react-dom": {
      "resolved": "../../node_modules/.pnpm/react-dom@18.2.0_react@18.2.0/node_modules/react-dom",
      "link": true
    },
    "node_modules/react-router": {
      "version": "6.6.2",
      "resolved": "https://registry.npmjs.org/react-router/-/react-router-6.6.2.tgz",
      "integrity": "sha512-uJPG55Pek3orClbURDvfljhqFvMgJRo59Pktywkk8hUUkTY2aRfza8Yhl/vZQXs+TNQyr6tu+uqz/fLxPICOGQ==",
      "dependencies": {
        "@remix-run/router": "1.2.1"
      },
      "engines": {
        "node": ">=14"
      },
      "peerDependencies": {
        "react": ">=16.8"
      }
    },
    "node_modules/react-router-dom": {
      "version": "6.6.2",
      "resolved": "https://registry.npmjs.org/react-router-dom/-/react-router-dom-6.6.2.tgz",
      "integrity": "sha512-6SCDXxRQqW5af8ImOqKza7icmQ47/EMbz572uFjzvcArg3lZ+04PxSPp8qGs+p2Y+q+b+S/AjXv8m8dyLndIIA==",
      "dependencies": {
        "@remix-run/router": "1.2.1",
        "react-router": "6.6.2"
      },
      "engines": {
        "node": ">=14"
      },
      "peerDependencies": {
        "react": ">=16.8",
        "react-dom": ">=16.8"
      }
    },
    "node_modules/regenerator-runtime": {
      "version": "0.13.11",
      "resolved": "https://registry.npmjs.org/regenerator-runtime/-/regenerator-runtime-0.13.11.tgz",
      "integrity": "sha512-kY1AZVr2Ra+t+piVaJ4gxaFaReZVH40AKNo7UCX6W+dEwBo/2oZJzqfuN1qLq1oL45o56cPaTXELwrTh8Fpggg=="
    },
    "node_modules/remove-accents": {
      "version": "0.4.2",
      "resolved": "https://registry.npmjs.org/remove-accents/-/remove-accents-0.4.2.tgz",
      "integrity": "sha512-7pXIJqJOq5tFgG1A2Zxti3Ht8jJF337m4sowbuHsW30ZnkQFnDzy9qBNhgzX8ZLW4+UBcXiiR7SwR6pokHsxiA=="
    },
    "node_modules/sort-by": {
      "version": "1.2.0",
      "resolved": "https://registry.npmjs.org/sort-by/-/sort-by-1.2.0.tgz",
      "integrity": "sha512-aRyW65r3xMnf4nxJRluCg0H/woJpksU1dQxRtXYzau30sNBOmf5HACpDd9MZDhKh7ALQ5FgSOfMPwZEtUmMqcg==",
      "dependencies": {
        "object-path": "0.6.0"
      }
    },
    "node_modules/typescript": {
      "resolved": "../../node_modules/.pnpm/typescript@4.9.4/node_modules/typescript",
      "link": true
    },
    "node_modules/vite": {
      "resolved": "../../node_modules/.pnpm/vite@4.0.4_@types+node@18.11.18/node_modules/vite",
      "link": true
    }
  },
  "dependencies": {
    "@babel/runtime": {
      "version": "7.20.7",
      "resolved": "https://registry.npmjs.org/@babel/runtime/-/runtime-7.20.7.tgz",
      "integrity": "sha512-UF0tvkUtxwAgZ5W/KrkHf0Rn0fdnLDU9ScxBrEVNUprE/MzirjK4MJUX1/BVDv00Sv8cljtukVK1aky++X1SjQ==",
      "requires": {
        "regenerator-runtime": "^0.13.11"
      }
    },
    "@remix-run/router": {
      "version": "1.2.1",
      "resolved": "https://registry.npmjs.org/@remix-run/router/-/router-1.2.1.tgz",
      "integrity": "sha512-XiY0IsyHR+DXYS5vBxpoBe/8veTeoRpMHP+vDosLZxL5bnpetzI0igkxkLZS235ldLzyfkxF+2divEwWHP3vMQ=="
    },
    "@types/react": {
      "version": "file:../../node_modules/.pnpm/@types+react@18.0.26/node_modules/@types/react",
      "requires": {
        "@types/prop-types": "*",
        "@types/scheduler": "*",
        "csstype": "^3.0.2"
      }
    },
    "@types/react-dom": {
      "version": "file:../../node_modules/.pnpm/@types+react-dom@18.0.10/node_modules/@types/react-dom",
      "requires": {
        "@types/react": "*"
      }
    },
    "@vitejs/plugin-react": {
      "version": "file:../../node_modules/.pnpm/@vitejs+plugin-react@3.0.1_vite@4.0.4/node_modules/@vitejs/plugin-react",
      "requires": {
        "@babel/core": "^7.20.7",
        "@babel/plugin-transform-react-jsx-self": "^7.18.6",
        "@babel/plugin-transform-react-jsx-source": "^7.19.6",
        "magic-string": "^0.27.0",
        "react-refresh": "^0.14.0"
      }
    },
    "immediate": {
      "version": "3.0.6",
      "resolved": "https://registry.npmjs.org/immediate/-/immediate-3.0.6.tgz",
      "integrity": "sha512-XXOFtyqDjNDAQxVfYxuF7g9Il/IbWmmlQg2MYKOH8ExIT1qg6xc4zyS3HaEEATgs1btfzxq15ciUiY7gjSXRGQ=="
    },
    "lie": {
      "version": "3.1.1",
      "resolved": "https://registry.npmjs.org/lie/-/lie-3.1.1.tgz",
      "integrity": "sha512-RiNhHysUjhrDQntfYSfY4MU24coXXdEOgw9WGcKHNeEwffDYbF//u87M1EWaMGzuFoSbqW0C9C6lEEhDOAswfw==",
      "requires": {
        "immediate": "~3.0.5"
      }
    },
    "localforage": {
      "version": "1.10.0",
      "resolved": "https://registry.npmjs.org/localforage/-/localforage-1.10.0.tgz",
      "integrity": "sha512-14/H1aX7hzBBmmh7sGPd+AOMkkIrHM3Z1PAyGgZigA1H1p5O5ANnMyWzvpAETtG68/dC4pC0ncy3+PPGzXZHPg==",
      "requires": {
        "lie": "3.1.1"
      }
    },
    "match-sorter": {
      "version": "6.3.1",
      "resolved": "https://registry.npmjs.org/match-sorter/-/match-sorter-6.3.1.tgz",
      "integrity": "sha512-mxybbo3pPNuA+ZuCUhm5bwNkXrJTbsk5VWbR5wiwz/GC6LIiegBGn2w3O08UG/jdbYLinw51fSQ5xNU1U3MgBw==",
      "requires": {
        "@babel/runtime": "^7.12.5",
        "remove-accents": "0.4.2"
      }
    },
    "object-path": {
      "version": "0.6.0",
      "resolved": "https://registry.npmjs.org/object-path/-/object-path-0.6.0.tgz",
      "integrity": "sha512-fxrwsCFi3/p+LeLOAwo/wyRMODZxdGBtUlWRzsEpsUVrisZbEfZ21arxLGfaWfcnqb8oHPNihIb4XPE8CQPN5A=="
    },
    "react": {
      "version": "file:../../node_modules/.pnpm/react@18.2.0/node_modules/react",
      "requires": {
        "loose-envify": "^1.1.0"
      }
    },
    "react-dom": {
      "version": "file:../../node_modules/.pnpm/react-dom@18.2.0_react@18.2.0/node_modules/react-dom",
      "requires": {
        "loose-envify": "^1.1.0",
        "scheduler": "^0.23.0"
      }
    },
    "react-router": {
      "version": "6.6.2",
      "resolved": "https://registry.npmjs.org/react-router/-/react-router-6.6.2.tgz",
      "integrity": "sha512-uJPG55Pek3orClbURDvfljhqFvMgJRo59Pktywkk8hUUkTY2aRfza8Yhl/vZQXs+TNQyr6tu+uqz/fLxPICOGQ==",
      "requires": {
        "@remix-run/router": "1.2.1"
      }
    },
    "react-router-dom": {
      "version": "6.6.2",
      "resolved": "https://registry.npmjs.org/react-router-dom/-/react-router-dom-6.6.2.tgz",
      "integrity": "sha512-6SCDXxRQqW5af8ImOqKza7icmQ47/EMbz572uFjzvcArg3lZ+04PxSPp8qGs+p2Y+q+b+S/AjXv8m8dyLndIIA==",
      "requires": {
        "@remix-run/router": "1.2.1",
        "react-router": "6.6.2"
      }
    },
    "regenerator-runtime": {
      "version": "0.13.11",
      "resolved": "https://registry.npmjs.org/regenerator-runtime/-/regenerator-runtime-0.13.11.tgz",
      "integrity": "sha512-kY1AZVr2Ra+t+piVaJ4gxaFaReZVH40AKNo7UCX6W+dEwBo/2oZJzqfuN1qLq1oL45o56cPaTXELwrTh8Fpggg=="
    },
    "remove-accents": {
      "version": "0.4.2",
      "resolved": "https://registry.npmjs.org/remove-accents/-/remove-accents-0.4.2.tgz",
      "integrity": "sha512-7pXIJqJOq5tFgG1A2Zxti3Ht8jJF337m4sowbuHsW30ZnkQFnDzy9qBNhgzX8ZLW4+UBcXiiR7SwR6pokHsxiA=="
    },
    "sort-by": {
      "version": "1.2.0",
      "resolved": "https://registry.npmjs.org/sort-by/-/sort-by-1.2.0.tgz",
      "integrity": "sha512-aRyW65r3xMnf4nxJRluCg0H/woJpksU1dQxRtXYzau30sNBOmf5HACpDd9MZDhKh7ALQ5FgSOfMPwZEtUmMqcg==",
      "requires": {
        "object-path": "0.6.0"
      }
    },
    "typescript": {
      "version": "file:../../node_modules/.pnpm/typescript@4.9.4/node_modules/typescript",
      "requires": {
        "@octokit/rest": "latest",
        "@types/chai": "latest",
        "@types/fancy-log": "^2.0.0",
        "@types/fs-extra": "^9.0.13",
        "@types/glob": "latest",
        "@types/gulp": "^4.0.9",
        "@types/gulp-concat": "latest",
        "@types/gulp-newer": "latest",
        "@types/gulp-rename": "latest",
        "@types/gulp-sourcemaps": "latest",
        "@types/merge2": "latest",
        "@types/microsoft__typescript-etw": "latest",
        "@types/minimist": "latest",
        "@types/mkdirp": "latest",
        "@types/mocha": "latest",
        "@types/ms": "latest",
        "@types/node": "latest",
        "@types/source-map-support": "latest",
        "@types/which": "^2.0.1",
        "@types/xml2js": "^0.4.11",
        "@typescript-eslint/eslint-plugin": "^5.33.1",
        "@typescript-eslint/parser": "^5.33.1",
        "@typescript-eslint/utils": "^5.33.1",
        "azure-devops-node-api": "^11.2.0",
        "chai": "latest",
        "chalk": "^4.1.2",
        "del": "^6.1.1",
        "diff": "^5.1.0",
        "eslint": "^8.22.0",
        "eslint-formatter-autolinkable-stylish": "^1.2.0",
        "eslint-plugin-import": "^2.26.0",
        "eslint-plugin-jsdoc": "^39.3.6",
        "eslint-plugin-local": "^1.0.0",
        "eslint-plugin-no-null": "^1.0.2",
        "fancy-log": "latest",
        "fs-extra": "^9.1.0",
        "glob": "latest",
        "gulp": "^4.0.2",
        "gulp-concat": "latest",
        "gulp-insert": "latest",
        "gulp-newer": "latest",
        "gulp-rename": "latest",
        "gulp-sourcemaps": "latest",
        "merge2": "latest",
        "minimist": "latest",
        "mkdirp": "latest",
        "mocha": "latest",
        "mocha-fivemat-progress-reporter": "latest",
        "ms": "^2.1.3",
        "node-fetch": "^3.2.10",
        "source-map-support": "latest",
        "typescript": "^4.8.4",
        "vinyl": "latest",
        "which": "^2.0.2",
        "xml2js": "^0.4.23"
      }
    },
    "vite": {
      "version": "file:../../node_modules/.pnpm/vite@4.0.4_@types+node@18.11.18/node_modules/vite",
      "requires": {
        "@ampproject/remapping": "^2.2.0",
        "@babel/parser": "^7.20.5",
        "@babel/types": "^7.20.5",
        "@jridgewell/trace-mapping": "^0.3.17",
        "@rollup/plugin-alias": "^4.0.2",
        "@rollup/plugin-commonjs": "^24.0.0",
        "@rollup/plugin-dynamic-import-vars": "^2.0.1",
        "@rollup/plugin-json": "^6.0.0",
        "@rollup/plugin-node-resolve": "15.0.1",
        "@rollup/plugin-typescript": "^10.0.1",
        "@rollup/pluginutils": "^5.0.2",
        "acorn": "^8.8.1",
        "acorn-walk": "^8.2.0",
        "cac": "^6.7.14",
        "chokidar": "^3.5.3",
        "connect": "^3.7.0",
        "connect-history-api-fallback": "^2.0.0",
        "convert-source-map": "^2.0.0",
        "cors": "^2.8.5",
        "cross-spawn": "^7.0.3",
        "debug": "^4.3.4",
        "dep-types": "link:./src/types",
        "dotenv": "^16.0.3",
        "dotenv-expand": "^9.0.0",
        "es-module-lexer": "^1.1.0",
        "esbuild": "^0.16.3",
        "estree-walker": "^3.0.1",
        "etag": "^1.8.1",
        "fast-glob": "^3.2.12",
        "fsevents": "~2.3.2",
        "http-proxy": "^1.18.1",
        "launch-editor-middleware": "^2.6.0",
        "magic-string": "^0.27.0",
        "micromatch": "^4.0.5",
        "mlly": "^1.0.0",
        "mrmime": "^1.0.1",
        "okie": "^1.0.1",
        "open": "^8.4.0",
        "parse5": "^7.1.2",
        "periscopic": "^3.0.4",
        "picocolors": "^1.0.0",
        "picomatch": "^2.3.1",
        "postcss": "^8.4.20",
        "postcss-import": "^15.1.0",
        "postcss-load-config": "^4.0.1",
        "postcss-modules": "^6.0.0",
        "resolve": "^1.22.1",
        "resolve.exports": "^1.1.0",
        "rollup": "^3.7.0",
        "rollup-plugin-license": "^3.0.1",
        "sirv": "^2.0.2",
        "source-map-js": "^1.0.2",
        "source-map-support": "^0.5.21",
        "strip-ansi": "^7.0.1",
        "strip-literal": "^0.4.2",
        "tsconfck": "^2.0.1",
        "tslib": "^2.4.1",
        "types": "link:./types",
        "ufo": "^1.0.1",
        "ws": "^8.11.0"
      }
    }
  }
}
